// !$*UTF8*$!
{
	archiveVersion = 1;
	classes = {
	};
	objectVersion = 50;
	objects = {

/* Begin PBXBuildFile section */
		B171609121B836D3005827F1 /* main.cpp in Sources */ = {isa = PBXBuildFile; fileRef = B171609021B836D3005827F1 /* main.cpp */; };
/* End PBXBuildFile section */

/* Begin PBXCopyFilesBuildPhase section */
		B171608B21B836D3005827F1 /* CopyFiles */ = {
			isa = PBXCopyFilesBuildPhase;
			buildActionMask = 2147483647;
			dstPath = /usr/share/man/man1/;
			dstSubfolderSpec = 0;
			files = (
			);
			runOnlyForDeploymentPostprocessing = 1;
		};
/* End PBXCopyFilesBuildPhase section */

/* Begin PBXFileReference section */
		B171608D21B836D3005827F1 /* grrecv */ = {isa = PBXFileReference; explicitFileType = "compiled.mach-o.executable"; includeInIndex = 0; path = grrecv; sourceTree = BUILT_PRODUCTS_DIR; };
		B171609021B836D3005827F1 /* main.cpp */ = {isa = PBXFileReference; lastKnownFileType = sourcecode.cpp.cpp; path = main.cpp; sourceTree = "<group>"; };
		B171609721B8371A005827F1 /* meson.build */ = {isa = PBXFileReference; lastKnownFileType = text; path = meson.build; sourceTree = "<group>"; };
/* End PBXFileReference section */

/* Begin PBXFrameworksBuildPhase section */
		B171608A21B836D3005827F1 /* Frameworks */ = {
			isa = PBXFrameworksBuildPhase;
			buildActionMask = 2147483647;
			files = (
			);
			runOnlyForDeploymentPostprocessing = 0;
		};
/* End PBXFrameworksBuildPhase section */

/* Begin PBXGroup section */
		B171608421B836D3005827F1 = {
			isa = PBXGroup;
			children = (
				B171608F21B836D3005827F1 /* grrecv */,
				B171608E21B836D3005827F1 /* Products */,
			);
			sourceTree = "<group>";
		};
		B171608E21B836D3005827F1 /* Products */ = {
			isa = PBXGroup;
			children = (
				B171608D21B836D3005827F1 /* grrecv */,
			);
			name = Products;
			sourceTree = "<group>";
		};
		B171608F21B836D3005827F1 /* grrecv */ = {
			isa = PBXGroup;
			children = (
				B171609721B8371A005827F1 /* meson.build */,
				B171609021B836D3005827F1 /* main.cpp */,
			);
			path = grrecv;
			sourceTree = "<group>";
		};
/* End PBXGroup section */

/* Begin PBXNativeTarget section */
		B171608C21B836D3005827F1 /* grrecv */ = {
			isa = PBXNativeTarget;
			buildConfigurationList = B171609421B836D3005827F1 /* Build configuration list for PBXNativeTarget "grrecv" */;
			buildPhases = (
				B171608921B836D3005827F1 /* Sources */,
				B171608A21B836D3005827F1 /* Frameworks */,
				B171608B21B836D3005827F1 /* CopyFiles */,
			);
			buildRules = (
			);
			dependencies = (
			);
			name = grrecv;
			productName = grrecv;
			productReference = B171608D21B836D3005827F1 /* grrecv */;
			productType = "com.apple.product-type.tool";
		};
/* End PBXNativeTarget section */

/* Begin PBXProject section */
		B171608521B836D3005827F1 /* Project object */ = {
			isa = PBXProject;
			attributes = {
				LastUpgradeCheck = 1010;
				ORGANIZATIONNAME = "Albin Stigo";
				TargetAttributes = {
					B171608C21B836D3005827F1 = {
						CreatedOnToolsVersion = 10.1;
					};
				};
			};
			buildConfigurationList = B171608821B836D3005827F1 /* Build configuration list for PBXProject "grrecv" */;
			compatibilityVersion = "Xcode 9.3";
			developmentRegion = en;
			hasScannedForEncodings = 0;
			knownRegions = (
				en,
			);
			mainGroup = B171608421B836D3005827F1;
			productRefGroup = B171608E21B836D3005827F1 /* Products */;
			projectDirPath = "";
			projectRoot = "";
			targets = (
				B171608C21B836D3005827F1 /* grrecv */,
			);
		};
/* End PBXProject section */

/* Begin PBXSourcesBuildPhase section */
		B171608921B836D3005827F1 /* Sources */ = {
			isa = PBXSourcesBuildPhase;
			buildActionMask = 2147483647;
			files = (
				B171609121B836D3005827F1 /* main.cpp in Sources */,
			);
			runOnlyForDeploymentPostprocessing = 0;
		};
/* End PBXSourcesBuildPhase section */

/* Begin XCBuildConfiguration section */
		B171609221B836D3005827F1 /* Debug */ = {
			isa = XCBuildConfiguration;
			buildSettings = {
				ALWAYS_SEARCH_USER_PATHS = NO;
				CLANG_ANALYZER_NONNULL = YES;
				CLANG_ANALYZER_NUMBER_OBJECT_CONVERSION = YES_AGGRESSIVE;
				CLANG_CXX_LANGUAGE_STANDARD = "gnu++14";
				CLANG_CXX_LIBRARY = "libc++";
				CLANG_ENABLE_MODULES = YES;
				CLANG_ENABLE_OBJC_ARC = YES;
				CLANG_ENABLE_OBJC_WEAK = YES;
				CLANG_WARN_BLOCK_CAPTURE_AUTORELEASING = YES;
				CLANG_WARN_BOOL_CONVERSION = YES;
				CLANG_WARN_COMMA = YES;
				CLANG_WARN_CONSTANT_CONVERSION = YES;
				CLANG_WARN_DEPRECATED_OBJC_IMPLEMENTATIONS = YES;
				CLANG_WARN_DIRECT_OBJC_ISA_USAGE = YES_ERROR;
				CLANG_WARN_DOCUMENTATION_COMMENTS = YES;
				CLANG_WARN_EMPTY_BODY = YES;
				CLANG_WARN_ENUM_CONVERSION = YES;
				CLANG_WARN_INFINITE_RECURSION = YES;
				CLANG_WARN_INT_CONVERSION = YES;
				CLANG_WARN_NON_LITERAL_NULL_CONVERSION = YES;
				CLANG_WARN_OBJC_IMPLICIT_RETAIN_SELF = YES;
				CLANG_WARN_OBJC_LITERAL_CONVERSION = YES;
				CLANG_WARN_OBJC_ROOT_CLASS = YES_ERROR;
				CLANG_WARN_RANGE_LOOP_ANALYSIS = YES;
				CLANG_WARN_STRICT_PROTOTYPES = YES;
				CLANG_WARN_SUSPICIOUS_MOVE = YES;
				CLANG_WARN_UNGUARDED_AVAILABILITY = YES_AGGRESSIVE;
				CLANG_WARN_UNREACHABLE_CODE = YES;
				CLANG_WARN__DUPLICATE_METHOD_MATCH = YES;
				CODE_SIGN_IDENTITY = "-";
				COPY_PHASE_STRIP = NO;
				DEBUG_INFORMATION_FORMAT = dwarf;
				ENABLE_STRICT_OBJC_MSGSEND = YES;
				ENABLE_TESTABILITY = YES;
				GCC_C_LANGUAGE_STANDARD = gnu11;
				GCC_DYNAMIC_NO_PIC = NO;
				GCC_NO_COMMON_BLOCKS = YES;
				GCC_OPTIMIZATION_LEVEL = 0;
				GCC_PREPROCESSOR_DEFINITIONS = (
					"DEBUG=1",
					"$(inherited)",
				);
				GCC_WARN_64_TO_32_BIT_CONVERSION = YES;
				GCC_WARN_ABOUT_RETURN_TYPE = YES_ERROR;
				GCC_WARN_UNDECLARED_SELECTOR = YES;
				GCC_WARN_UNINITIALIZED_AUTOS = YES_AGGRESSIVE;
				GCC_WARN_UNUSED_FUNCTION = YES;
				GCC_WARN_UNUSED_VARIABLE = YES;
				MACOSX_DEPLOYMENT_TARGET = 10.14;
				MTL_ENABLE_DEBUG_INFO = INCLUDE_SOURCE;
				MTL_FAST_MATH = YES;
				ONLY_ACTIVE_ARCH = YES;
				SDKROOT = macosx;
			};
			name = Debug;
		};
		B171609321B836D3005827F1 /* Release */ = {
			isa = XCBuildConfiguration;
			buildSettings = {
				ALWAYS_SEARCH_USER_PATHS = NO;
				CLANG_ANALYZER_NONNULL = YES;
				CLANG_ANALYZER_NUMBER_OBJECT_CONVERSION = YES_AGGRESSIVE;
				CLANG_CXX_LANGUAGE_STANDARD = "gnu++14";
				CLANG_CXX_LIBRARY = "libc++";
				CLANG_ENABLE_MODULES = YES;
				CLANG_ENABLE_OBJC_ARC = YES;
				CLANG_ENABLE_OBJC_WEAK = YES;
				CLANG_WARN_BLOCK_CAPTURE_AUTORELEASING = YES;
				CLANG_WARN_BOOL_CONVERSION = YES;
				CLANG_WARN_COMMA = YES;
				CLANG_WARN_CONSTANT_CONVERSION = YES;
				CLANG_WARN_DEPRECATED_OBJC_IMPLEMENTATIONS = YES;
				CLANG_WARN_DIRECT_OBJC_ISA_USAGE = YES_ERROR;
				CLANG_WARN_DOCUMENTATION_COMMENTS = YES;
				CLANG_WARN_EMPTY_BODY = YES;
				CLANG_WARN_ENUM_CONVERSION = YES;
				CLANG_WARN_INFINITE_RECURSION = YES;
				CLANG_WARN_INT_CONVERSION = YES;
				CLANG_WARN_NON_LITERAL_NULL_CONVERSION = YES;
				CLANG_WARN_OBJC_IMPLICIT_RETAIN_SELF = YES;
				CLANG_WARN_OBJC_LITERAL_CONVERSION = YES;
				CLANG_WARN_OBJC_ROOT_CLASS = YES_ERROR;
				CLANG_WARN_RANGE_LOOP_ANALYSIS = YES;
				CLANG_WARN_STRICT_PROTOTYPES = YES;
				CLANG_WARN_SUSPICIOUS_MOVE = YES;
				CLANG_WARN_UNGUARDED_AVAILABILITY = YES_AGGRESSIVE;
				CLANG_WARN_UNREACHABLE_CODE = YES;
				CLANG_WARN__DUPLICATE_METHOD_MATCH = YES;
				CODE_SIGN_IDENTITY = "-";
				COPY_PHASE_STRIP = NO;
				DEBUG_INFORMATION_FORMAT = "dwarf-with-dsym";
				ENABLE_NS_ASSERTIONS = NO;
				ENABLE_STRICT_OBJC_MSGSEND = YES;
				GCC_C_LANGUAGE_STANDARD = gnu11;
				GCC_NO_COMMON_BLOCKS = YES;
				GCC_WARN_64_TO_32_BIT_CONVERSION = YES;
				GCC_WARN_ABOUT_RETURN_TYPE = YES_ERROR;
				GCC_WARN_UNDECLARED_SELECTOR = YES;
				GCC_WARN_UNINITIALIZED_AUTOS = YES_AGGRESSIVE;
				GCC_WARN_UNUSED_FUNCTION = YES;
				GCC_WARN_UNUSED_VARIABLE = YES;
				MACOSX_DEPLOYMENT_TARGET = 10.14;
				MTL_ENABLE_DEBUG_INFO = NO;
				MTL_FAST_MATH = YES;
				SDKROOT = macosx;
			};
			name = Release;
		};
		B171609521B836D3005827F1 /* Debug */ = {
			isa = XCBuildConfiguration;
			buildSettings = {
				CLANG_WARN_DOCUMENTATION_COMMENTS = NO;
				CODE_SIGN_STYLE = Automatic;
				OTHER_CFLAGS = (
					"-I/usr/local/Cellar/gnuradio/3.7.13.4_1/include",
					"-I/usr/local/Cellar/gr-osmosdr/0.1.4_4/include",
					"-I/usr/local/include",
					"-I/usr/local/Cellar/gnuradio/3.7.13.4_1/include",
					"-I/mnt/pi/src/gr-tujasdr/include",
				);
				OTHER_LDFLAGS = (
					"-L/usr/local/Cellar/gnuradio/3.7.13.4_1/lib",
					"-L/usr/local/Cellar/gr-osmosdr/0.1.4_4/lib",
					"-L/usr/local/Cellar/gnuradio/3.7.13.4_1/lib",
					"-lgnuradio-audio",
					"-lgnuradio-filter",
					"-lgnuradio-fft",
					"-lgnuradio-analog",
					"-lvolk",
					"-lgnuradio-osmosdr",
					"-lgnuradio-blocks",
					"-lgnuradio-runtime",
					"-lgnuradio-pmt",
				);
				PRODUCT_NAME = "$(TARGET_NAME)";
			};
			name = Debug;
		};
		B171609621B836D3005827F1 /* Release */ = {
			isa = XCBuildConfiguration;
			buildSettings = {
				CLANG_WARN_DOCUMENTATION_COMMENTS = NO;
				CODE_SIGN_STYLE = Automatic;
				OTHER_CFLAGS = (
					"-I/usr/local/Cellar/gnuradio/3.7.13.4_1/include",
					"-I/usr/local/Cellar/gr-osmosdr/0.1.4_4/include",
					"-I/usr/local/include",
					"-I/usr/local/Cellar/gnuradio/3.7.13.4_1/include",
					"-I/mnt/pi/src/gr-tujasdr/include",
				);
				OTHER_LDFLAGS = (
					"-L/usr/local/Cellar/gnuradio/3.7.13.4_1/lib",
					"-L/usr/local/Cellar/gr-osmosdr/0.1.4_4/lib",
					"-L/usr/local/Cellar/gnuradio/3.7.13.4_1/lib",
					"-lgnuradio-audio",
					"-lgnuradio-filter",
					"-lgnuradio-fft",
					"-lgnuradio-analog",
					"-lvolk",
					"-lgnuradio-osmosdr",
					"-lgnuradio-blocks",
					"-lgnuradio-runtime",
					"-lgnuradio-pmt",
				);
				PRODUCT_NAME = "$(TARGET_NAME)";
			};
			name = Release;
		};
/* End XCBuildConfiguration section */

/* Begin XCConfigurationList section */
		B171608821B836D3005827F1 /* Build configuration list for PBXProject "grrecv" */ = {
			isa = XCConfigurationList;
			buildConfigurations = (
				B171609221B836D3005827F1 /* Debug */,
				B171609321B836D3005827F1 /* Release */,
			);
			defaultConfigurationIsVisible = 0;
			defaultConfigurationName = Release;
		};
		B171609421B836D3005827F1 /* Build configuration list for PBXNativeTarget "grrecv" */ = {
			isa = XCConfigurationList;
			buildConfigurations = (
				B171609521B836D3005827F1 /* Debug */,
				B171609621B836D3005827F1 /* Release */,
			);
			defaultConfigurationIsVisible = 0;
			defaultConfigurationName = Release;
		};
/* End XCConfigurationList section */
	};
	rootObject = B171608521B836D3005827F1 /* Project object */;
}
